
Microsoft Visual Studio Solution File, Format Version 12.00
# Visual Studio Version 16
VisualStudioVersion = 16.0.31515.178
MinimumVisualStudioVersion = 10.0.40219.1
Project("{FAE04EC0-301F-11D3-BF4B-00C04F79EFBC}") = "WpfApp2", "WpfApp2\WpfApp2.csproj", "{550A5B98-01F4-4C3E-B5B5-996F0DFBB3CD}"
EndProject
Global
	GlobalSection(SolutionConfigurationPlatforms) = preSolution
		Debug|Any CPU = Debug|Any CPU
		Release|Any CPU = Release|Any CPU
	EndGlobalSection
	GlobalSection(ProjectConfigurationPlatforms) = postSolution
		{550A5B98-01F4-4C3E-B5B5-996F0DFBB3CD}.Debug|Any CPU.ActiveCfg = Debug|Any CPU
		{550A5B98-01F4-4C3E-B5B5-996F0DFBB3CD}.Debug|Any CPU.Build.0 = Debug|Any CPU
		{550A5B98-01F4-4C3E-B5B5-996F0DFBB3CD}.Release|Any CPU.ActiveCfg = Release|Any CPU
		{550A5B98-01F4-4C3E-B5B5-996F0DFBB3CD}.Release|Any CPU.Build.0 = Release|Any CPU
	EndGlobalSection
	GlobalSection(SolutionProperties) = preSolution
		HideSolutionNode = FALSE
	EndGlobalSection
	GlobalSection(ExtensibilityGlobals) = postSolution
		SolutionGuid = {A6F0458A-0F90-4B79-990D-60C75104C0E4}
	EndGlobalSection
EndGlobal
